
Microsoft Visual Studio Solution File, Format Version 11.00
# Visual Studio 2010
Project("{FAE04EC0-301F-11D3-BF4B-00C04F79EFBC}") = "RoundedDefence.View", "RoundedDefence.View\RoundedDefence.View.csproj", "{C106097B-60EF-4E72-8F13-1B0E63A098CD}"
EndProject
Project("{FAE04EC0-301F-11D3-BF4B-00C04F79EFBC}") = "RoundedDefence.Components", "RoundedDefence.Components\RoundedDefence.Components.csproj", "{C03463F1-1A77-429B-BC73-B6B5FA250718}"
EndProject
Global
	GlobalSection(SolutionConfigurationPlatforms) = preSolution
		Debug|Any CPU = Debug|Any CPU
		Release|Any CPU = Release|Any CPU
	EndGlobalSection
	GlobalSection(ProjectConfigurationPlatforms) = postSolution
		{C03463F1-1A77-429B-BC73-B6B5FA250718}.Debug|Any CPU.ActiveCfg = Debug|Any CPU
		{C03463F1-1A77-429B-BC73-B6B5FA250718}.Debug|Any CPU.Build.0 = Debug|Any CPU
		{C03463F1-1A77-429B-BC73-B6B5FA250718}.Release|Any CPU.ActiveCfg = Release|Any CPU
		{C03463F1-1A77-429B-BC73-B6B5FA250718}.Release|Any CPU.Build.0 = Release|Any CPU
		{C106097B-60EF-4E72-8F13-1B0E63A098CD}.Debug|Any CPU.ActiveCfg = Debug|Any CPU
		{C106097B-60EF-4E72-8F13-1B0E63A098CD}.Debug|Any CPU.Build.0 = Debug|Any CPU
		{C106097B-60EF-4E72-8F13-1B0E63A098CD}.Release|Any CPU.ActiveCfg = Release|Any CPU
		{C106097B-60EF-4E72-8F13-1B0E63A098CD}.Release|Any CPU.Build.0 = Release|Any CPU
	EndGlobalSection
	GlobalSection(MonoDevelopProperties) = preSolution
		StartupItem = RoundedDefence.View\RoundedDefence.View.csproj
	EndGlobalSection
EndGlobal
